// !$*UTF8*$!
{
	archiveVersion = 1;
	classes = {
	};
	objectVersion = 48;
	objects = {

/* Begin PBXBuildFile section */
		32987CC5FFB0D17F5CF85DD2 /* Pods_FilmApp.framework in Frameworks */ = {isa = PBXBuildFile; fileRef = EB1CBB1839EE5AE2B5606A83 /* Pods_FilmApp.framework */; };
		A911936720164095006CD2FD /* AccountViewController.swift in Sources */ = {isa = PBXBuildFile; fileRef = A911936620164095006CD2FD /* AccountViewController.swift */; };
		A91EDC4E2008CAA500E6D30B /* noe-display-bold.ttf in Resources */ = {isa = PBXBuildFile; fileRef = A91EDC4D2008CAA500E6D30B /* noe-display-bold.ttf */; };
		A91EDC502008CBD700E6D30B /* LoginViewController.swift in Sources */ = {isa = PBXBuildFile; fileRef = A91EDC4F2008CBD700E6D30B /* LoginViewController.swift */; };
		A936129D2007906600F9E2DE /* AppDelegate.swift in Sources */ = {isa = PBXBuildFile; fileRef = A936129C2007906600F9E2DE /* AppDelegate.swift */; };
		A93612A42007906600F9E2DE /* Assets.xcassets in Resources */ = {isa = PBXBuildFile; fileRef = A93612A32007906600F9E2DE /* Assets.xcassets */; };
		A93612A72007906600F9E2DE /* LaunchScreen.storyboard in Resources */ = {isa = PBXBuildFile; fileRef = A93612A52007906600F9E2DE /* LaunchScreen.storyboard */; };
		A93DED42200CB29B0035AF51 /* SignUpViewController.swift in Sources */ = {isa = PBXBuildFile; fileRef = A93DED41200CB29B0035AF51 /* SignUpViewController.swift */; };
		A93DED46200CB43E0035AF51 /* GoogleService-Info.plist in Resources */ = {isa = PBXBuildFile; fileRef = A93DED45200CB43E0035AF51 /* GoogleService-Info.plist */; };
		A940A7A0200CB984000EBEA7 /* LoadMovies.swift in Sources */ = {isa = PBXBuildFile; fileRef = A940A79F200CB984000EBEA7 /* LoadMovies.swift */; };
		A940A7A2200CB9BC000EBEA7 /* Movie.swift in Sources */ = {isa = PBXBuildFile; fileRef = A940A7A1200CB9BC000EBEA7 /* Movie.swift */; };
		A940A7A7200CC868000EBEA7 /* CollectionViewCell.swift in Sources */ = {isa = PBXBuildFile; fileRef = A940A7A6200CC868000EBEA7 /* CollectionViewCell.swift */; };
		A940A7A9200CCA3C000EBEA7 /* MovieViewController.swift in Sources */ = {isa = PBXBuildFile; fileRef = A940A7A8200CCA3C000EBEA7 /* MovieViewController.swift */; };
		A941FBC92018B09D004849D6 /* FriendsViewController.swift in Sources */ = {isa = PBXBuildFile; fileRef = A941FBC82018B09D004849D6 /* FriendsViewController.swift */; };
		A941FBCB2018B3CC004849D6 /* TableViewCell.swift in Sources */ = {isa = PBXBuildFile; fileRef = A941FBCA2018B3CC004849D6 /* TableViewCell.swift */; };
		A941FBCD2018C7F8004849D6 /* User.swift in Sources */ = {isa = PBXBuildFile; fileRef = A941FBCC2018C7F8004849D6 /* User.swift */; };
		A941FBCF2018CD28004849D6 /* RecommendViewController.swift in Sources */ = {isa = PBXBuildFile; fileRef = A941FBCE2018CD28004849D6 /* RecommendViewController.swift */; };
		A95A547320122937003B4D1E /* MovieDetailsViewController.swift in Sources */ = {isa = PBXBuildFile; fileRef = A95A547220122937003B4D1E /* MovieDetailsViewController.swift */; };
		A9691DB82016042700910CA5 /* SearchViewController.swift in Sources */ = {isa = PBXBuildFile; fileRef = A9691DB72016042700910CA5 /* SearchViewController.swift */; };
		A9BD2873201A101C0039E95B /* ConfirmRecommendationViewController.swift in Sources */ = {isa = PBXBuildFile; fileRef = A9BD2872201A101C0039E95B /* ConfirmRecommendationViewController.swift */; };
		A9F9E44C2011F4450078B545 /* ColumnFlowLayout.swift in Sources */ = {isa = PBXBuildFile; fileRef = A9F9E44B2011F4450078B545 /* ColumnFlowLayout.swift */; };
		A9FC4E4E2012102700E21DE8 /* Main.storyboard in Resources */ = {isa = PBXBuildFile; fileRef = A9FC4E4C2012102700E21DE8 /* Main.storyboard */; };
/* End PBXBuildFile section */

/* Begin PBXFileReference section */
		21CA4DCFEA05D8F765276947 /* Pods-FilmApp.debug.xcconfig */ = {isa = PBXFileReference; includeInIndex = 1; lastKnownFileType = text.xcconfig; name = "Pods-FilmApp.debug.xcconfig"; path = "Pods/Target Support Files/Pods-FilmApp/Pods-FilmApp.debug.xcconfig"; sourceTree = "<group>"; };
		A911936620164095006CD2FD /* AccountViewController.swift */ = {isa = PBXFileReference; lastKnownFileType = sourcecode.swift; path = AccountViewController.swift; sourceTree = "<group>"; };
		A91EDC4D2008CAA500E6D30B /* noe-display-bold.ttf */ = {isa = PBXFileReference; lastKnownFileType = file; name = "noe-display-bold.ttf"; path = "../../../noe-display-bold.ttf"; sourceTree = "<group>"; };
		A91EDC4F2008CBD700E6D30B /* LoginViewController.swift */ = {isa = PBXFileReference; lastKnownFileType = sourcecode.swift; path = LoginViewController.swift; sourceTree = "<group>"; };
		A93612992007906600F9E2DE /* FilmApp.app */ = {isa = PBXFileReference; explicitFileType = wrapper.application; includeInIndex = 0; path = FilmApp.app; sourceTree = BUILT_PRODUCTS_DIR; };
		A936129C2007906600F9E2DE /* AppDelegate.swift */ = {isa = PBXFileReference; lastKnownFileType = sourcecode.swift; path = AppDelegate.swift; sourceTree = "<group>"; };
		A93612A32007906600F9E2DE /* Assets.xcassets */ = {isa = PBXFileReference; lastKnownFileType = folder.assetcatalog; path = Assets.xcassets; sourceTree = "<group>"; };
		A93612A62007906600F9E2DE /* Base */ = {isa = PBXFileReference; lastKnownFileType = file.storyboard; name = Base; path = Base.lproj/LaunchScreen.storyboard; sourceTree = "<group>"; };
		A93612A82007906600F9E2DE /* Info.plist */ = {isa = PBXFileReference; lastKnownFileType = text.plist.xml; path = Info.plist; sourceTree = "<group>"; };
		A93DED41200CB29B0035AF51 /* SignUpViewController.swift */ = {isa = PBXFileReference; lastKnownFileType = sourcecode.swift; path = SignUpViewController.swift; sourceTree = "<group>"; };
		A93DED45200CB43E0035AF51 /* GoogleService-Info.plist */ = {isa = PBXFileReference; fileEncoding = 4; lastKnownFileType = text.plist.xml; path = "GoogleService-Info.plist"; sourceTree = "<group>"; };
		A940A79F200CB984000EBEA7 /* LoadMovies.swift */ = {isa = PBXFileReference; lastKnownFileType = sourcecode.swift; path = LoadMovies.swift; sourceTree = "<group>"; };
		A940A7A1200CB9BC000EBEA7 /* Movie.swift */ = {isa = PBXFileReference; lastKnownFileType = sourcecode.swift; path = Movie.swift; sourceTree = "<group>"; };
		A940A7A6200CC868000EBEA7 /* CollectionViewCell.swift */ = {isa = PBXFileReference; lastKnownFileType = sourcecode.swift; path = CollectionViewCell.swift; sourceTree = "<group>"; };
		A940A7A8200CCA3C000EBEA7 /* MovieViewController.swift */ = {isa = PBXFileReference; lastKnownFileType = sourcecode.swift; path = MovieViewController.swift; sourceTree = "<group>"; };
		A941FBC82018B09D004849D6 /* FriendsViewController.swift */ = {isa = PBXFileReference; lastKnownFileType = sourcecode.swift; path = FriendsViewController.swift; sourceTree = "<group>"; };
		A941FBCA2018B3CC004849D6 /* TableViewCell.swift */ = {isa = PBXFileReference; lastKnownFileType = sourcecode.swift; path = TableViewCell.swift; sourceTree = "<group>"; };
		A941FBCC2018C7F8004849D6 /* User.swift */ = {isa = PBXFileReference; lastKnownFileType = sourcecode.swift; path = User.swift; sourceTree = "<group>"; };
		A941FBCE2018CD28004849D6 /* RecommendViewController.swift */ = {isa = PBXFileReference; lastKnownFileType = sourcecode.swift; path = RecommendViewController.swift; sourceTree = "<group>"; };
		A95A547220122937003B4D1E /* MovieDetailsViewController.swift */ = {isa = PBXFileReference; lastKnownFileType = sourcecode.swift; path = MovieDetailsViewController.swift; sourceTree = "<group>"; };
		A9691DB72016042700910CA5 /* SearchViewController.swift */ = {isa = PBXFileReference; lastKnownFileType = sourcecode.swift; path = SearchViewController.swift; sourceTree = "<group>"; };
		A9BD2872201A101C0039E95B /* ConfirmRecommendationViewController.swift */ = {isa = PBXFileReference; lastKnownFileType = sourcecode.swift; path = ConfirmRecommendationViewController.swift; sourceTree = "<group>"; };
		A9F9E44B2011F4450078B545 /* ColumnFlowLayout.swift */ = {isa = PBXFileReference; lastKnownFileType = sourcecode.swift; name = ColumnFlowLayout.swift; path = "FilmApp/Classes and Structs/ColumnFlowLayout.swift"; sourceTree = SOURCE_ROOT; };
		A9FC4E4D2012102700E21DE8 /* Base */ = {isa = PBXFileReference; lastKnownFileType = file.storyboard; name = Base; path = Base.lproj/Main.storyboard; sourceTree = "<group>"; };
		E6B336E88384C0E3562DC101 /* Pods-FilmApp.release.xcconfig */ = {isa = PBXFileReference; includeInIndex = 1; lastKnownFileType = text.xcconfig; name = "Pods-FilmApp.release.xcconfig"; path = "Pods/Target Support Files/Pods-FilmApp/Pods-FilmApp.release.xcconfig"; sourceTree = "<group>"; };
		EB1CBB1839EE5AE2B5606A83 /* Pods_FilmApp.framework */ = {isa = PBXFileReference; explicitFileType = wrapper.framework; includeInIndex = 0; path = Pods_FilmApp.framework; sourceTree = BUILT_PRODUCTS_DIR; };
/* End PBXFileReference section */

/* Begin PBXFrameworksBuildPhase section */
		A93612962007906600F9E2DE /* Frameworks */ = {
			isa = PBXFrameworksBuildPhase;
			buildActionMask = 2147483647;
			files = (
				32987CC5FFB0D17F5CF85DD2 /* Pods_FilmApp.framework in Frameworks */,
			);
			runOnlyForDeploymentPostprocessing = 0;
		};
/* End PBXFrameworksBuildPhase section */

/* Begin PBXGroup section */
		A93612902007906600F9E2DE = {
			isa = PBXGroup;
			children = (
				A936129B2007906600F9E2DE /* FilmApp */,
				A936129A2007906600F9E2DE /* Products */,
				EE6E4E21E849DA722BA39DCC /* Pods */,
				EE49F052B0D58279C0FD9E6F /* Frameworks */,
			);
			sourceTree = "<group>";
		};
		A936129A2007906600F9E2DE /* Products */ = {
			isa = PBXGroup;
			children = (
				A93612992007906600F9E2DE /* FilmApp.app */,
			);
			name = Products;
			sourceTree = "<group>";
		};
		A936129B2007906600F9E2DE /* FilmApp */ = {
			isa = PBXGroup;
			children = (
				A940A7A3200CBE0F000EBEA7 /* Account */,
				A940A7A4200CBEAB000EBEA7 /* Controllers */,
				A940A7A5200CBEBE000EBEA7 /* Models & Structs */,
				A936129C2007906600F9E2DE /* AppDelegate.swift */,
				A9FC4E4C2012102700E21DE8 /* Main.storyboard */,
				A93612A32007906600F9E2DE /* Assets.xcassets */,
				A91EDC4D2008CAA500E6D30B /* noe-display-bold.ttf */,
				A93612A52007906600F9E2DE /* LaunchScreen.storyboard */,
				A93612A82007906600F9E2DE /* Info.plist */,
				A93DED45200CB43E0035AF51 /* GoogleService-Info.plist */,
			);
			path = FilmApp;
			sourceTree = "<group>";
		};
		A940A7A3200CBE0F000EBEA7 /* Account */ = {
			isa = PBXGroup;
			children = (
				A91EDC4F2008CBD700E6D30B /* LoginViewController.swift */,
				A93DED41200CB29B0035AF51 /* SignUpViewController.swift */,
			);
			path = Account;
			sourceTree = "<group>";
		};
		A940A7A4200CBEAB000EBEA7 /* Controllers */ = {
			isa = PBXGroup;
			children = (
				A940A7A8200CCA3C000EBEA7 /* MovieViewController.swift */,
				A9691DB72016042700910CA5 /* SearchViewController.swift */,
				A911936620164095006CD2FD /* AccountViewController.swift */,
				A941FBCE2018CD28004849D6 /* RecommendViewController.swift */,
				A9BD2872201A101C0039E95B /* ConfirmRecommendationViewController.swift */,
				A941FBC82018B09D004849D6 /* FriendsViewController.swift */,
				A95A547220122937003B4D1E /* MovieDetailsViewController.swift */,
			);
			path = Controllers;
			sourceTree = "<group>";
		};
		A940A7A5200CBEBE000EBEA7 /* Models & Structs */ = {
			isa = PBXGroup;
			children = (
				A9F9E44B2011F4450078B545 /* ColumnFlowLayout.swift */,
				A940A79F200CB984000EBEA7 /* LoadMovies.swift */,
				A941FBCA2018B3CC004849D6 /* TableViewCell.swift */,
				A940A7A6200CC868000EBEA7 /* CollectionViewCell.swift */,
				A940A7A1200CB9BC000EBEA7 /* Movie.swift */,
				A941FBCC2018C7F8004849D6 /* User.swift */,
			);
			path = "Models & Structs";
			sourceTree = "<group>";
		};
		EE49F052B0D58279C0FD9E6F /* Frameworks */ = {
			isa = PBXGroup;
			children = (
				EB1CBB1839EE5AE2B5606A83 /* Pods_FilmApp.framework */,
			);
			name = Frameworks;
			sourceTree = "<group>";
		};
		EE6E4E21E849DA722BA39DCC /* Pods */ = {
			isa = PBXGroup;
			children = (
				21CA4DCFEA05D8F765276947 /* Pods-FilmApp.debug.xcconfig */,
				E6B336E88384C0E3562DC101 /* Pods-FilmApp.release.xcconfig */,
			);
			name = Pods;
			sourceTree = "<group>";
		};
/* End PBXGroup section */

/* Begin PBXNativeTarget section */
		A93612982007906600F9E2DE /* FilmApp */ = {
			isa = PBXNativeTarget;
			buildConfigurationList = A93612AB2007906600F9E2DE /* Build configuration list for PBXNativeTarget "FilmApp" */;
			buildPhases = (
				0E8179A26C16C7A6E09525FF /* [CP] Check Pods Manifest.lock */,
				A93612952007906600F9E2DE /* Sources */,
				A93612962007906600F9E2DE /* Frameworks */,
				A93612972007906600F9E2DE /* Resources */,
				7BFB8495B0215F240CD413E4 /* [CP] Embed Pods Frameworks */,
				50DD5E7902F670D6F7F9E866 /* [CP] Copy Pods Resources */,
			);
			buildRules = (
			);
			dependencies = (
			);
			name = FilmApp;
			productName = FilmApp;
			productReference = A93612992007906600F9E2DE /* FilmApp.app */;
			productType = "com.apple.product-type.application";
		};
/* End PBXNativeTarget section */

/* Begin PBXProject section */
		A93612912007906600F9E2DE /* Project object */ = {
			isa = PBXProject;
			attributes = {
				LastSwiftUpdateCheck = 0920;
				LastUpgradeCheck = 0920;
				ORGANIZATIONNAME = "Sophie Ensing";
				TargetAttributes = {
					A93612982007906600F9E2DE = {
						CreatedOnToolsVersion = 9.2;
						ProvisioningStyle = Automatic;
					};
				};
			};
			buildConfigurationList = A93612942007906600F9E2DE /* Build configuration list for PBXProject "FilmApp" */;
			compatibilityVersion = "Xcode 8.0";
			developmentRegion = en;
			hasScannedForEncodings = 0;
			knownRegions = (
				en,
				Base,
			);
			mainGroup = A93612902007906600F9E2DE;
			productRefGroup = A936129A2007906600F9E2DE /* Products */;
			projectDirPath = "";
			projectRoot = "";
			targets = (
				A93612982007906600F9E2DE /* FilmApp */,
			);
		};
/* End PBXProject section */

/* Begin PBXResourcesBuildPhase section */
		A93612972007906600F9E2DE /* Resources */ = {
			isa = PBXResourcesBuildPhase;
			buildActionMask = 2147483647;
			files = (
				A93612A72007906600F9E2DE /* LaunchScreen.storyboard in Resources */,
				A9FC4E4E2012102700E21DE8 /* Main.storyboard in Resources */,
				A93612A42007906600F9E2DE /* Assets.xcassets in Resources */,
				A93DED46200CB43E0035AF51 /* GoogleService-Info.plist in Resources */,
				A91EDC4E2008CAA500E6D30B /* noe-display-bold.ttf in Resources */,
			);
			runOnlyForDeploymentPostprocessing = 0;
		};
/* End PBXResourcesBuildPhase section */

/* Begin PBXShellScriptBuildPhase section */
		0E8179A26C16C7A6E09525FF /* [CP] Check Pods Manifest.lock */ = {
			isa = PBXShellScriptBuildPhase;
			buildActionMask = 2147483647;
			files = (
			);
			inputPaths = (
				"${PODS_PODFILE_DIR_PATH}/Podfile.lock",
				"${PODS_ROOT}/Manifest.lock",
			);
			name = "[CP] Check Pods Manifest.lock";
			outputPaths = (
				"$(DERIVED_FILE_DIR)/Pods-FilmApp-checkManifestLockResult.txt",
			);
			runOnlyForDeploymentPostprocessing = 0;
			shellPath = /bin/sh;
			shellScript = "diff \"${PODS_PODFILE_DIR_PATH}/Podfile.lock\" \"${PODS_ROOT}/Manifest.lock\" > /dev/null\nif [ $? != 0 ] ; then\n    # print error to STDERR\n    echo \"error: The sandbox is not in sync with the Podfile.lock. Run 'pod install' or update your CocoaPods installation.\" >&2\n    exit 1\nfi\n# This output is used by Xcode 'outputs' to avoid re-running this script phase.\necho \"SUCCESS\" > \"${SCRIPT_OUTPUT_FILE_0}\"\n";
			showEnvVarsInLog = 0;
		};
		50DD5E7902F670D6F7F9E866 /* [CP] Copy Pods Resources */ = {
			isa = PBXShellScriptBuildPhase;
			buildActionMask = 2147483647;
			files = (
			);
			inputPaths = (
			);
			name = "[CP] Copy Pods Resources";
			outputPaths = (
			);
			runOnlyForDeploymentPostprocessing = 0;
			shellPath = /bin/sh;
			shellScript = "\"${SRCROOT}/Pods/Target Support Files/Pods-FilmApp/Pods-FilmApp-resources.sh\"\n";
			showEnvVarsInLog = 0;
		};
		7BFB8495B0215F240CD413E4 /* [CP] Embed Pods Frameworks */ = {
			isa = PBXShellScriptBuildPhase;
			buildActionMask = 2147483647;
			files = (
			);
			inputPaths = (
				"${SRCROOT}/Pods/Target Support Files/Pods-FilmApp/Pods-FilmApp-frameworks.sh",
				"${BUILT_PRODUCTS_DIR}/GTMSessionFetcher/GTMSessionFetcher.framework",
				"${BUILT_PRODUCTS_DIR}/GoogleToolboxForMac/GoogleToolboxForMac.framework",
				"${BUILT_PRODUCTS_DIR}/HTMLString/HTMLString.framework",
				"${BUILT_PRODUCTS_DIR}/leveldb-library/leveldb.framework",
				"${BUILT_PRODUCTS_DIR}/nanopb/nanopb.framework",
			);
			name = "[CP] Embed Pods Frameworks";
			outputPaths = (
				"${TARGET_BUILD_DIR}/${FRAMEWORKS_FOLDER_PATH}/GTMSessionFetcher.framework",
				"${TARGET_BUILD_DIR}/${FRAMEWORKS_FOLDER_PATH}/GoogleToolboxForMac.framework",
				"${TARGET_BUILD_DIR}/${FRAMEWORKS_FOLDER_PATH}/HTMLString.framework",
				"${TARGET_BUILD_DIR}/${FRAMEWORKS_FOLDER_PATH}/leveldb.framework",
				"${TARGET_BUILD_DIR}/${FRAMEWORKS_FOLDER_PATH}/nanopb.framework",
			);
			runOnlyForDeploymentPostprocessing = 0;
			shellPath = /bin/sh;
			shellScript = "\"${SRCROOT}/Pods/Target Support Files/Pods-FilmApp/Pods-FilmApp-frameworks.sh\"\n";
			showEnvVarsInLog = 0;
		};
/* End PBXShellScriptBuildPhase section */

/* Begin PBXSourcesBuildPhase section */
		A93612952007906600F9E2DE /* Sources */ = {
			isa = PBXSourcesBuildPhase;
			buildActionMask = 2147483647;
			files = (
				A941FBCB2018B3CC004849D6 /* TableViewCell.swift in Sources */,
				A9691DB82016042700910CA5 /* SearchViewController.swift in Sources */,
				A940A7A2200CB9BC000EBEA7 /* Movie.swift in Sources */,
				A91EDC502008CBD700E6D30B /* LoginViewController.swift in Sources */,
				A95A547320122937003B4D1E /* MovieDetailsViewController.swift in Sources */,
				A941FBC92018B09D004849D6 /* FriendsViewController.swift in Sources */,
				A9BD2873201A101C0039E95B /* ConfirmRecommendationViewController.swift in Sources */,
				A941FBCD2018C7F8004849D6 /* User.swift in Sources */,
				A940A7A7200CC868000EBEA7 /* CollectionViewCell.swift in Sources */,
				A940A7A9200CCA3C000EBEA7 /* MovieViewController.swift in Sources */,
				A93DED42200CB29B0035AF51 /* SignUpViewController.swift in Sources */,
				A9F9E44C2011F4450078B545 /* ColumnFlowLayout.swift in Sources */,
				A936129D2007906600F9E2DE /* AppDelegate.swift in Sources */,
				A940A7A0200CB984000EBEA7 /* LoadMovies.swift in Sources */,
				A911936720164095006CD2FD /* AccountViewController.swift in Sources */,
				A941FBCF2018CD28004849D6 /* RecommendViewController.swift in Sources */,
			);
			runOnlyForDeploymentPostprocessing = 0;
		};
/* End PBXSourcesBuildPhase section */

/* Begin PBXVariantGroup section */
		A93612A52007906600F9E2DE /* LaunchScreen.storyboard */ = {
			isa = PBXVariantGroup;
			children = (
				A93612A62007906600F9E2DE /* Base */,
			);
			name = LaunchScreen.storyboard;
			sourceTree = "<group>";
		};
		A9FC4E4C2012102700E21DE8 /* Main.storyboard */ = {
			isa = PBXVariantGroup;
			children = (
				A9FC4E4D2012102700E21DE8 /* Base */,
			);
			name = Main.storyboard;
			sourceTree = "<group>";
		};
/* End PBXVariantGroup section */

/* Begin XCBuildConfiguration section */
		A93612A92007906600F9E2DE /* Debug */ = {
			isa = XCBuildConfiguration;
			buildSettings = {
				ALWAYS_SEARCH_USER_PATHS = NO;
				CLANG_ANALYZER_NONNULL = YES;
				CLANG_ANALYZER_NUMBER_OBJECT_CONVERSION = YES_AGGRESSIVE;
				CLANG_CXX_LANGUAGE_STANDARD = "gnu++14";
				CLANG_CXX_LIBRARY = "libc++";
				CLANG_ENABLE_MODULES = YES;
				CLANG_ENABLE_OBJC_ARC = YES;
				CLANG_WARN_BLOCK_CAPTURE_AUTORELEASING = YES;
				CLANG_WARN_BOOL_CONVERSION = YES;
				CLANG_WARN_COMMA = YES;
				CLANG_WARN_CONSTANT_CONVERSION = YES;
				CLANG_WARN_DIRECT_OBJC_ISA_USAGE = YES_ERROR;
				CLANG_WARN_DOCUMENTATION_COMMENTS = YES;
				CLANG_WARN_EMPTY_BODY = YES;
				CLANG_WARN_ENUM_CONVERSION = YES;
				CLANG_WARN_INFINITE_RECURSION = YES;
				CLANG_WARN_INT_CONVERSION = YES;
				CLANG_WARN_NON_LITERAL_NULL_CONVERSION = YES;
				CLANG_WARN_OBJC_LITERAL_CONVERSION = YES;
				CLANG_WARN_OBJC_ROOT_CLASS = YES_ERROR;
				CLANG_WARN_RANGE_LOOP_ANALYSIS = YES;
				CLANG_WARN_STRICT_PROTOTYPES = YES;
				CLANG_WARN_SUSPICIOUS_MOVE = YES;
				CLANG_WARN_UNGUARDED_AVAILABILITY = YES_AGGRESSIVE;
				CLANG_WARN_UNREACHABLE_CODE = YES;
				CLANG_WARN__DUPLICATE_METHOD_MATCH = YES;
				CODE_SIGN_IDENTITY = "iPhone Developer";
				COPY_PHASE_STRIP = NO;
				DEBUG_INFORMATION_FORMAT = dwarf;
				ENABLE_STRICT_OBJC_MSGSEND = YES;
				ENABLE_TESTABILITY = YES;
				GCC_C_LANGUAGE_STANDARD = gnu11;
				GCC_DYNAMIC_NO_PIC = NO;
				GCC_NO_COMMON_BLOCKS = YES;
				GCC_OPTIMIZATION_LEVEL = 0;
				GCC_PREPROCESSOR_DEFINITIONS = (
					"DEBUG=1",
					"$(inherited)",
				);
				GCC_WARN_64_TO_32_BIT_CONVERSION = YES;
				GCC_WARN_ABOUT_RETURN_TYPE = YES_ERROR;
				GCC_WARN_UNDECLARED_SELECTOR = YES;
				GCC_WARN_UNINITIALIZED_AUTOS = YES_AGGRESSIVE;
				GCC_WARN_UNUSED_FUNCTION = YES;
				GCC_WARN_UNUSED_VARIABLE = YES;
				IPHONEOS_DEPLOYMENT_TARGET = 11.2;
				MTL_ENABLE_DEBUG_INFO = YES;
				ONLY_ACTIVE_ARCH = YES;
				SDKROOT = iphoneos;
				SWIFT_ACTIVE_COMPILATION_CONDITIONS = DEBUG;
				SWIFT_OPTIMIZATION_LEVEL = "-Onone";
			};
			name = Debug;
		};
		A93612AA2007906600F9E2DE /* Release */ = {
			isa = XCBuildConfiguration;
			buildSettings = {
				ALWAYS_SEARCH_USER_PATHS = NO;
				CLANG_ANALYZER_NONNULL = YES;
				CLANG_ANALYZER_NUMBER_OBJECT_CONVERSION = YES_AGGRESSIVE;
				CLANG_CXX_LANGUAGE_STANDARD = "gnu++14";
				CLANG_CXX_LIBRARY = "libc++";
				CLANG_ENABLE_MODULES = YES;
				CLANG_ENABLE_OBJC_ARC = YES;
				CLANG_WARN_BLOCK_CAPTURE_AUTORELEASING = YES;
				CLANG_WARN_BOOL_CONVERSION = YES;
				CLANG_WARN_COMMA = YES;
				CLANG_WARN_CONSTANT_CONVERSION = YES;
				CLANG_WARN_DIRECT_OBJC_ISA_USAGE = YES_ERROR;
				CLANG_WARN_DOCUMENTATION_COMMENTS = YES;
				CLANG_WARN_EMPTY_BODY = YES;
				CLANG_WARN_ENUM_CONVERSION = YES;
				CLANG_WARN_INFINITE_RECURSION = YES;
				CLANG_WARN_INT_CONVERSION = YES;
				CLANG_WARN_NON_LITERAL_NULL_CONVERSION = YES;
				CLANG_WARN_OBJC_LITERAL_CONVERSION = YES;
				CLANG_WARN_OBJC_ROOT_CLASS = YES_ERROR;
				CLANG_WARN_RANGE_LOOP_ANALYSIS = YES;
				CLANG_WARN_STRICT_PROTOTYPES = YES;
				CLANG_WARN_SUSPICIOUS_MOVE = YES;
				CLANG_WARN_UNGUARDED_AVAILABILITY = YES_AGGRESSIVE;
				CLANG_WARN_UNREACHABLE_CODE = YES;
				CLANG_WARN__DUPLICATE_METHOD_MATCH = YES;
				CODE_SIGN_IDENTITY = "iPhone Developer";
				COPY_PHASE_STRIP = NO;
				DEBUG_INFORMATION_FORMAT = "dwarf-with-dsym";
				ENABLE_NS_ASSERTIONS = NO;
				ENABLE_STRICT_OBJC_MSGSEND = YES;
				GCC_C_LANGUAGE_STANDARD = gnu11;
				GCC_NO_COMMON_BLOCKS = YES;
				GCC_WARN_64_TO_32_BIT_CONVERSION = YES;
				GCC_WARN_ABOUT_RETURN_TYPE = YES_ERROR;
				GCC_WARN_UNDECLARED_SELECTOR = YES;
				GCC_WARN_UNINITIALIZED_AUTOS = YES_AGGRESSIVE;
				GCC_WARN_UNUSED_FUNCTION = YES;
				GCC_WARN_UNUSED_VARIABLE = YES;
				IPHONEOS_DEPLOYMENT_TARGET = 11.2;
				MTL_ENABLE_DEBUG_INFO = NO;
				SDKROOT = iphoneos;
				SWIFT_OPTIMIZATION_LEVEL = "-Owholemodule";
				VALIDATE_PRODUCT = YES;
			};
			name = Release;
		};
		A93612AC2007906600F9E2DE /* Debug */ = {
			isa = XCBuildConfiguration;
			baseConfigurationReference = 21CA4DCFEA05D8F765276947 /* Pods-FilmApp.debug.xcconfig */;
			buildSettings = {
				ASSETCATALOG_COMPILER_APPICON_NAME = AppIcon;
				CODE_SIGN_STYLE = Automatic;
				DEVELOPMENT_TEAM = 6RCTJLEY89;
				INFOPLIST_FILE = FilmApp/Info.plist;
				LD_RUNPATH_SEARCH_PATHS = "$(inherited) @executable_path/Frameworks";
				PRODUCT_BUNDLE_IDENTIFIER = com.example.FilmAppSophie;
				PRODUCT_NAME = "$(TARGET_NAME)";
				SWIFT_VERSION = 4.0;
				TARGETED_DEVICE_FAMILY = "1,2";
			};
			name = Debug;
		};
		A93612AD2007906600F9E2DE /* Release */ = {
			isa = XCBuildConfiguration;
			baseConfigurationReference = E6B336E88384C0E3562DC101 /* Pods-FilmApp.release.xcconfig */;
			buildSettings = {
				ASSETCATALOG_COMPILER_APPICON_NAME = AppIcon;
				CODE_SIGN_STYLE = Automatic;
				DEVELOPMENT_TEAM = 6RCTJLEY89;
				INFOPLIST_FILE = FilmApp/Info.plist;
				LD_RUNPATH_SEARCH_PATHS = "$(inherited) @executable_path/Frameworks";
				PRODUCT_BUNDLE_IDENTIFIER = com.example.FilmAppSophie;
				PRODUCT_NAME = "$(TARGET_NAME)";
				SWIFT_VERSION = 4.0;
				TARGETED_DEVICE_FAMILY = "1,2";
			};
			name = Release;
		};
/* End XCBuildConfiguration section */

/* Begin XCConfigurationList section */
		A93612942007906600F9E2DE /* Build configuration list for PBXProject "FilmApp" */ = {
			isa = XCConfigurationList;
			buildConfigurations = (
				A93612A92007906600F9E2DE /* Debug */,
				A93612AA2007906600F9E2DE /* Release */,
			);
			defaultConfigurationIsVisible = 0;
			defaultConfigurationName = Release;
		};
		A93612AB2007906600F9E2DE /* Build configuration list for PBXNativeTarget "FilmApp" */ = {
			isa = XCConfigurationList;
			buildConfigurations = (
				A93612AC2007906600F9E2DE /* Debug */,
				A93612AD2007906600F9E2DE /* Release */,
			);
			defaultConfigurationIsVisible = 0;
			defaultConfigurationName = Release;
		};
/* End XCConfigurationList section */
	};
	rootObject = A93612912007906600F9E2DE /* Project object */;
}
